PODS:
  - When (3.0.2):
    - When/Core (= 3.0.2)
  - When/Core (3.0.2)

DEPENDENCIES:
  - When

SPEC REPOS:
  https://github.com/cocoapods/specs.git:
    - When

SPEC CHECKSUMS:
  When: 4e5fda6952dd6e2714bafc329cb288b4637b6cc9

PODFILE CHECKSUM: 9ba66912fa6397b30398abed5bed06291d6d132d

COCOAPODS: 1.5.3
